# THIS IS AN AUTOGENERATED FILE. DO NOT EDIT THIS FILE DIRECTLY.
# yarn lockfile v1


"@tanstack/query-core@5.36.0":
  version "5.36.0"
  resolved "https://registry.yarnpkg.com/@tanstack/query-core/-/query-core-5.36.0.tgz#905bd05b6a73e58d70d95912d84e979ed865ab6a"
  integrity sha512-B5BD3pg/mztDR36i77hGcyySKKeYrbM5mnogOROTBi1SUml5ByRK7PGUUl16vvubvQC+mSnqziFG/VIy/DE3FQ==

"@tanstack/react-query@^5.36.0":
  version "5.36.0"
  resolved "https://registry.yarnpkg.com/@tanstack/react-query/-/react-query-5.36.0.tgz#680cb1490d8b823ec7185e1a97065241cda2ea67"
  integrity sha512-BATvtM0rohwg7pRHUnxgeDiwLWRGZ8OM/4y8LImHVpecQWoH6Uhytu3Z8YV6V7hQ1sMQBFcUrGE1/e4MxR6YiA==
  dependencies:
    "@tanstack/query-core" "5.36.0"

"@tanstack/react-table@^8.17.0":
  version "8.17.0"
  resolved "https://registry.yarnpkg.com/@tanstack/react-table/-/react-table-8.17.0.tgz#c0a6275928a9b18573a75101a828c1e3cb2fe269"
  integrity sha512-LSJxTDzlKGs8EN7/UHB1l3yLR9HUIxoHFkTbTjHaUUGL4kgYZFYhsQsdDJSIykG86qpIA/6gSWmtwNfy5Iprhw==
  dependencies:
    "@tanstack/table-core" "8.16.0"

"@tanstack/table-core@8.16.0":
  version "8.16.0"
  resolved "https://registry.yarnpkg.com/@tanstack/table-core/-/table-core-8.16.0.tgz#7b58018dd3cec8e0015fe22d6bb24d18d33c891f"
  integrity sha512-dCG8vQGk4js5v88/k83tTedWOwjGnIyONrKpHpfmSJB8jwFHl8GSu1sBBxbtACVAPtAQgwNxl0rw1d3RqRM1Tg==

nodemailer@^6.9.13:
  version "6.9.13"
  resolved "https://registry.yarnpkg.com/nodemailer/-/nodemailer-6.9.13.tgz#5b292bf1e92645f4852ca872c56a6ba6c4a3d3d6"
  integrity sha512-7o38Yogx6krdoBf3jCAqnIN4oSQFx+fMa0I7dK1D+me9kBxx12D+/33wSb+fhOCtIxvYJ+4x4IMEhmhCKfAiOA==

pusher-js@^8.4.0-rc2:
  version "8.4.0-rc2"
  resolved "https://registry.yarnpkg.com/pusher-js/-/pusher-js-8.4.0-rc2.tgz#44f33bfe5bc89f741d82601125d6095bde28261b"
  integrity sha512-d87GjOEEl9QgO5BWmViSqW0LOzPvybvX6WA9zLUstNdB57jVJuR27zHkRnrav2a3+zAMlHbP2Og8wug+rG8T+g==
  dependencies:
    tweetnacl "^1.0.3"

react-hook-form@^7.51.4:
  version "7.51.4"
  resolved "https://registry.yarnpkg.com/react-hook-form/-/react-hook-form-7.51.4.tgz#c3a47aeb22b699c45de9fc12b58763606cb52f0c"
  integrity sha512-V14i8SEkh+V1gs6YtD0hdHYnoL4tp/HX/A45wWQN15CYr9bFRmmRdYStSO5L65lCCZRF+kYiSKhm9alqbcdiVA==

tweetnacl@^1.0.3:
  version "1.0.3"
  resolved "https://registry.yarnpkg.com/tweetnacl/-/tweetnacl-1.0.3.tgz#ac0af71680458d8a6378d0d0d050ab1407d35596"
  integrity sha512-6rt+RN7aOi1nGMyC4Xa5DdYiukl2UWCbcJft7YhxReBGQD7OAM8Pbxw6YMo4r2diNEA8FEmu32YOn9rhaiE5yw==

zod@^3.23.8:
  version "3.23.8"
  resolved "https://registry.yarnpkg.com/zod/-/zod-3.23.8.tgz#e37b957b5d52079769fb8097099b592f0ef4067d"
  integrity sha512-XBx9AXhXktjUqnepgTiE5flcKIYWi/rme0Eaj+5Y0lftuGBq+jyRu/md4WnuxqgP1ubdpNCsYEYPxrzVHD8d6g==
